
Microsoft Visual Studio Solution File, Format Version 12.00
# Visual Studio 2013
VisualStudioVersion = 12.0.30110.0
MinimumVisualStudioVersion = 10.0.40219.1
Project("{2150E333-8FDC-42A3-9474-1A3956D46DE8}") = ".nuget", ".nuget", "{81C2BFF0-8857-450D-B1FB-2C3D70A086EE}"
	ProjectSection(SolutionItems) = preProject
		.nuget\NuGet.exe = .nuget\NuGet.exe
	EndProjectSection
EndProject
Project("{FAE04EC0-301F-11D3-BF4B-00C04F79EFBC}") = "Toggle.Net", "Toggle.Net\Toggle.Net.csproj", "{53193981-62E0-4CEF-A340-A063CF464945}"
EndProject
Project("{FAE04EC0-301F-11D3-BF4B-00C04F79EFBC}") = "Toggle.Net.Tests", "Toggle.Net.Tests\Toggle.Net.Tests.csproj", "{C7DD1D0E-F55F-4AC8-B993-AE63238B67B3}"
EndProject
Global
	GlobalSection(SolutionConfigurationPlatforms) = preSolution
		Debug|Any CPU = Debug|Any CPU
		Release|Any CPU = Release|Any CPU
	EndGlobalSection
	GlobalSection(ProjectConfigurationPlatforms) = postSolution
		{53193981-62E0-4CEF-A340-A063CF464945}.Debug|Any CPU.ActiveCfg = Debug|Any CPU
		{53193981-62E0-4CEF-A340-A063CF464945}.Debug|Any CPU.Build.0 = Debug|Any CPU
		{53193981-62E0-4CEF-A340-A063CF464945}.Release|Any CPU.ActiveCfg = Release|Any CPU
		{53193981-62E0-4CEF-A340-A063CF464945}.Release|Any CPU.Build.0 = Release|Any CPU
		{C7DD1D0E-F55F-4AC8-B993-AE63238B67B3}.Debug|Any CPU.ActiveCfg = Debug|Any CPU
		{C7DD1D0E-F55F-4AC8-B993-AE63238B67B3}.Debug|Any CPU.Build.0 = Debug|Any CPU
		{C7DD1D0E-F55F-4AC8-B993-AE63238B67B3}.Release|Any CPU.ActiveCfg = Release|Any CPU
		{C7DD1D0E-F55F-4AC8-B993-AE63238B67B3}.Release|Any CPU.Build.0 = Release|Any CPU
	EndGlobalSection
	GlobalSection(SolutionProperties) = preSolution
		HideSolutionNode = FALSE
	EndGlobalSection
EndGlobal
